<?xml version="1.0" encoding="utf-8"?>
<Project ToolsVersion="4.0" xmlns="http://schemas.microsoft.com/developer/msbuild/2003">
  <ItemGroup>
    <Filter Include="Archivos de origen">
      <UniqueIdentifier>{4FC737F1-C7A5-4376-A066-2A32D752A2FF}</UniqueIdentifier>
      <Extensions>cpp;c;cc;cxx;c++;cppm;ixx;def;odl;idl;hpj;bat;asm;asmx</Extensions>
    </Filter>
  </ItemGroup>
  <ItemGroup>
    <ClCompile Include="src\Main.cpp">
      <Filter>Archivos de origen</Filter>
    </ClCompile>
    <ClCompile Include="src\Game\Objects\Tower.cpp">
      <Filter>Archivos de origen</Filter>
    </ClCompile>
    <ClCompile Include="src\Game\Objects\Projectile.cpp">
      <Filter>Archivos de origen</Filter>
    </ClCompile>
    <ClCompile Include="imgui\imgui.cpp">
      <Filter>Archivos de origen</Filter>
    </ClCompile>
    <ClCompile Include="imgui\imgui_demo.cpp">
      <Filter>Archivos de origen</Filter>
    </ClCompile>
    <ClCompile Include="imgui\imgui_draw.cpp">
      <Filter>Archivos de origen</Filter>
    </ClCompile>
    <ClCompile Include="imgui\imgui_widgets.cpp">
      <Filter>Archivos de origen</Filter>
    </ClCompile>
    <ClCompile Include="imgui\imgui_tables.cpp">
      <Filter>Archivos de origen</Filter>
    </ClCompile>
    <ClCompile Include="imgui\imgui_impl_glfw.cpp">
      <Filter>Archivos de origen</Filter>
    </ClCompile>
    <ClCompile Include="imgui\imgui_impl_opengl3.cpp">
      <Filter>Archivos de origen</Filter>
    </ClCompile>
    <ClCompile Include="tests\TestClearColor.cpp">
      <Filter>Archivos de origen</Filter>
    </ClCompile>
    <ClCompile Include="tests\Test.cpp">
      <Filter>Archivos de origen</Filter>
    </ClCompile>
    <ClCompile Include="tests\TestBatchRendering.cpp">
      <Filter>Archivos de origen</Filter>
    </ClCompile>
    <ClCompile Include="src\OpenGL\IndexBuffer.cpp">
      <Filter>Archivos de origen</Filter>
    </ClCompile>
    <ClCompile Include="src\OpenGL\Renderer.cpp">
      <Filter>Archivos de origen</Filter>
    </ClCompile>
    <ClCompile Include="src\OpenGL\Shader.cpp">
      <Filter>Archivos de origen</Filter>
    </ClCompile>
    <ClCompile Include="src\OpenGL\Texture.cpp">
      <Filter>Archivos de origen</Filter>
    </ClCompile>
    <ClCompile Include="src\OpenGL\VertexArray.cpp">
      <Filter>Archivos de origen</Filter>
    </ClCompile>
    <ClCompile Include="src\OpenGL\VertexBuffer.cpp">
      <Filter>Archivos de origen</Filter>
    </ClCompile>
    <ClCompile Include="tests\TestDynamicBuffer.cpp">
      <Filter>Archivos de origen</Filter>
    </ClCompile>
    <ClCompile Include="src\Game\Structure\Sprite.cpp">
      <Filter>Archivos de origen</Filter>
    </ClCompile>
    <ClCompile Include="src\Game\Map\Platform.cpp">
      <Filter>Archivos de origen</Filter>
    </ClCompile>
    <ClCompile Include="src\Game\Structure\Entity.cpp">
      <Filter>Archivos de origen</Filter>
    </ClCompile>
    <ClCompile Include="src\Game\Structure\Hitbox.cpp">
      <Filter>Archivos de origen</Filter>
    </ClCompile>
    <ClCompile Include="tests\TestShootDeltaTime.cpp">
      <Filter>Archivos de origen</Filter>
    </ClCompile>
    <ClCompile Include="src\Game\Objects\Enemy.cpp">
      <Filter>Archivos de origen</Filter>
    </ClCompile>
    <ClCompile Include="src\OpenGL\WindowManager.cpp">
      <Filter>Archivos de origen</Filter>
    </ClCompile>
    <ClCompile Include="src\ImGui\ImGuiManager.cpp">
      <Filter>Archivos de origen</Filter>
    </ClCompile>
    <ClCompile Include="tests\TestManager.cpp">
      <Filter>Archivos de origen</Filter>
    </ClCompile>
    <ClCompile Include="src\OpenGL\ShaderManager.cpp">
      <Filter>Archivos de origen</Filter>
    </ClCompile>
    <ClCompile Include="src\OpenGL\TextureManager.cpp">
      <Filter>Archivos de origen</Filter>
    </ClCompile>
    <ClCompile Include="src\Game\GameController.cpp">
      <Filter>Archivos de origen</Filter>
    </ClCompile>
    <ClCompile Include="src\Game\Map\Tile.cpp">
      <Filter>Archivos de origen</Filter>
    </ClCompile>
    <ClCompile Include="src\Game\Map\Path.cpp">
      <Filter>Archivos de origen</Filter>
    </ClCompile>
    <ClCompile Include="src\Game\Map\Map.cpp">
      <Filter>Archivos de origen</Filter>
    </ClCompile>
    <ClCompile Include="src\Game\Map\Round.cpp">
      <Filter>Archivos de origen</Filter>
    </ClCompile>
    <ClCompile Include="src\Game\Map\Wave.cpp">
      <Filter>Archivos de origen</Filter>
    </ClCompile>
    <ClCompile Include="tests\TestSendingWaves.cpp">
      <Filter>Archivos de origen</Filter>
    </ClCompile>
  </ItemGroup>
  <ItemGroup>
    <ClInclude Include="src\Game\Objects\Tower.h" />
    <ClInclude Include="src\Game\Objects\Projectile.h" />
    <ClInclude Include="src\Game\Structure\GlobalStats.h" />
    <ClInclude Include="imgui\imconfig.h" />
    <ClInclude Include="imgui\imgui.h" />
    <ClInclude Include="imgui\imgui_internal.h" />
    <ClInclude Include="imgui\imstb_rectpack.h" />
    <ClInclude Include="imgui\imstb_textedit.h" />
    <ClInclude Include="imgui\imstb_truetype.h" />
    <ClInclude Include="imgui\imgui_impl_opengl3.h" />
    <ClInclude Include="imgui\imgui_impl_glfw.h" />
    <ClInclude Include="tests\Test.h" />
    <ClInclude Include="tests\TestClearColor.h" />
    <ClInclude Include="tests\TestBatchRendering.h" />
    <ClInclude Include="src\OpenGL\GLDebugging.h" />
    <ClInclude Include="src\OpenGL\IndexBuffer.h" />
    <ClInclude Include="src\OpenGL\Renderer.h" />
    <ClInclude Include="src\OpenGL\Shader.h" />
    <ClInclude Include="src\OpenGL\Texture.h" />
    <ClInclude Include="src\OpenGL\VertexArray.h" />
    <ClInclude Include="src\OpenGL\VertexBuffer.h" />
    <ClInclude Include="src\OpenGL\VertexBufferLayout.h" />
    <ClInclude Include="tests\TestDynamicBuffer.h" />
    <ClInclude Include="src\GlobalParameters.h" />
    <ClInclude Include="src\Game\Structure\Sprite.h" />
    <ClInclude Include="src\Game\Map\Platform.h" />
    <ClInclude Include="src\Game\Structure\Entity.h" />
    <ClInclude Include="src\Game\Structure\Hitbox.h" />
    <ClInclude Include="src\Game\DeltaTime.h" />
    <ClInclude Include="tests\TestShootDeltaTime.h" />
    <ClInclude Include="src\Game\Objects\Enemy.h" />
    <ClInclude Include="src\Game\Structure\HitboxGrid.h" />
    <ClInclude Include="src\OpenGL\DefaultStructures.h" />
    <ClInclude Include="src\OpenGL\WindowManager.h" />
    <ClInclude Include="src\ImGui\ImGuiManager.h" />
    <ClInclude Include="tests\TestManager.h" />
    <ClInclude Include="src\OpenGL\ShaderManager.h" />
    <ClInclude Include="src\OpenGL\TextureManager.h" />
    <ClInclude Include="src\Game\GameController.h" />
    <ClInclude Include="src\Game\Map\Tile.h" />
    <ClInclude Include="src\Game\Map\Path.h" />
    <ClInclude Include="src\Game\Map\Map.h" />
    <ClInclude Include="src\Game\Map\Round.h" />
    <ClInclude Include="src\Game\Map\Wave.h" />
    <ClInclude Include="tests\TestSendingWaves.h" />
    <ClInclude Include="src\Game\Structure\SpriteModel.h" />
  </ItemGroup>
  <ItemGroup>
    <None Include="res\shaders\Basic.shader" />
    <None Include="res\shaders\NoTexture.shader" />
  </ItemGroup>
</Project>